
Microsoft Visual Studio Solution File, Format Version 12.00
# Visual Studio Version 17
VisualStudioVersion = 17.10.35027.167
MinimumVisualStudioVersion = 10.0.40219.1
Project("{FAE04EC0-301F-11D3-BF4B-00C04F79EFBC}") = "IntroductionToDOTNET", "IntroducktionToDOTNET\IntroductionToDOTNET.csproj", "{56E18BFC-8D49-46D9-B685-06C6CA4E3414}"
EndProject
Global
	GlobalSection(SolutionConfigurationPlatforms) = preSolution
		Debug|Any CPU = Debug|Any CPU
		Release|Any CPU = Release|Any CPU
	EndGlobalSection
	GlobalSection(ProjectConfigurationPlatforms) = postSolution
		{56E18BFC-8D49-46D9-B685-06C6CA4E3414}.Debug|Any CPU.ActiveCfg = Debug|Any CPU
		{56E18BFC-8D49-46D9-B685-06C6CA4E3414}.Debug|Any CPU.Build.0 = Debug|Any CPU
		{56E18BFC-8D49-46D9-B685-06C6CA4E3414}.Release|Any CPU.ActiveCfg = Release|Any CPU
		{56E18BFC-8D49-46D9-B685-06C6CA4E3414}.Release|Any CPU.Build.0 = Release|Any CPU
	EndGlobalSection
	GlobalSection(SolutionProperties) = preSolution
		HideSolutionNode = FALSE
	EndGlobalSection
	GlobalSection(ExtensibilityGlobals) = postSolution
		SolutionGuid = {53088F61-5F60-410A-93C8-841AB5EB6D68}
	EndGlobalSection
EndGlobal
